// !$*UTF8*$!
{
	archiveVersion = 1;
	classes = {
	};
	objectVersion = 51;
	objects = {

/* Begin PBXBuildFile section */
		180950F0227EC45B009FD493 /* AMFileTableController.m in Sources */ = {isa = PBXBuildFile; fileRef = 180950EF227EC45B009FD493 /* AMFileTableController.m */; };
		180950F5227EC47D009FD493 /* AMMarkdownFile+CoreDataClass.m in Sources */ = {isa = PBXBuildFile; fileRef = 180950F3227EC47D009FD493 /* AMMarkdownFile+CoreDataClass.m */; };
		180950F6227EC47D009FD493 /* AMMarkdownFile+CoreDataProperties.m in Sources */ = {isa = PBXBuildFile; fileRef = 180950F4227EC47D009FD493 /* AMMarkdownFile+CoreDataProperties.m */; };
		1842EA452272EC8C00E08D43 /* AppDelegate.m in Sources */ = {isa = PBXBuildFile; fileRef = 1842EA442272EC8C00E08D43 /* AppDelegate.m */; };
		1842EA4B2272EC8C00E08D43 /* Main.storyboard in Resources */ = {isa = PBXBuildFile; fileRef = 1842EA492272EC8C00E08D43 /* Main.storyboard */; };
		1842EA4E2272EC8C00E08D43 /* AmazingMarkdown.xcdatamodeld in Sources */ = {isa = PBXBuildFile; fileRef = 1842EA4C2272EC8C00E08D43 /* AmazingMarkdown.xcdatamodeld */; };
		1842EA502272EC8C00E08D43 /* Assets.xcassets in Resources */ = {isa = PBXBuildFile; fileRef = 1842EA4F2272EC8C00E08D43 /* Assets.xcassets */; };
		1842EA532272EC8C00E08D43 /* LaunchScreen.storyboard in Resources */ = {isa = PBXBuildFile; fileRef = 1842EA512272EC8C00E08D43 /* LaunchScreen.storyboard */; };
		1842EA562272EC8C00E08D43 /* main.m in Sources */ = {isa = PBXBuildFile; fileRef = 1842EA552272EC8C00E08D43 /* main.m */; };
		1842EA632272ED9F00E08D43 /* AMEdittingContentController.m in Sources */ = {isa = PBXBuildFile; fileRef = 1842EA622272ED9F00E08D43 /* AMEdittingContentController.m */; };
		1842EA652272EDB300E08D43 /* AMPreviewController.swift in Sources */ = {isa = PBXBuildFile; fileRef = 1842EA642272EDB300E08D43 /* AMPreviewController.swift */; };
		18B175A7227F5691007581F4 /* AMRootNavigationController.m in Sources */ = {isa = PBXBuildFile; fileRef = 18B175A6227F5691007581F4 /* AMRootNavigationController.m */; };
		18F4260C22744C67002EBDDD /* AMKeyboardToolbarFactory.m in Sources */ = {isa = PBXBuildFile; fileRef = 18F4260A22744C67002EBDDD /* AMKeyboardToolbarFactory.m */; };
		18F4261D22747281002EBDDD /* DYKeyboardToolbar.m in Sources */ = {isa = PBXBuildFile; fileRef = 18F4261C22747281002EBDDD /* DYKeyboardToolbar.m */; };
		18F42620227472B4002EBDDD /* DYKeyboardToolbarButton.m in Sources */ = {isa = PBXBuildFile; fileRef = 18F4261F227472B4002EBDDD /* DYKeyboardToolbarButton.m */; };
		18F42623227498AC002EBDDD /* DYMarkdownTextView.m in Sources */ = {isa = PBXBuildFile; fileRef = 18F42622227498AC002EBDDD /* DYMarkdownTextView.m */; };
		18F4262D2274D28E002EBDDD /* MarkdownTokens.m in Sources */ = {isa = PBXBuildFile; fileRef = 18F426272274D28D002EBDDD /* MarkdownTokens.m */; };
		18F4262E2274D28E002EBDDD /* MarkdownTokenizer.m in Sources */ = {isa = PBXBuildFile; fileRef = 18F4262B2274D28D002EBDDD /* MarkdownTokenizer.m */; };
		18F4262F2274D28E002EBDDD /* NSAttributedStringMarkdownParser.m in Sources */ = {isa = PBXBuildFile; fileRef = 18F4262C2274D28D002EBDDD /* NSAttributedStringMarkdownParser.m */; };
		18F4263522757B53002EBDDD /* DYMarkdownParser.m in Sources */ = {isa = PBXBuildFile; fileRef = 18F4263422757B53002EBDDD /* DYMarkdownParser.m */; };
		18F4D24F2276052F00A2123B /* AMYYMarkdownParser.m in Sources */ = {isa = PBXBuildFile; fileRef = 18F4D24E2276052F00A2123B /* AMYYMarkdownParser.m */; };
		52578B2731811246716E0FA7 /* Pods_AmazingMarkdown.framework in Frameworks */ = {isa = PBXBuildFile; fileRef = 53131E5F1674063BCFD176F8 /* Pods_AmazingMarkdown.framework */; };
/* End PBXBuildFile section */

/* Begin PBXFileReference section */
		180950EE227EC45B009FD493 /* AMFileTableController.h */ = {isa = PBXFileReference; lastKnownFileType = sourcecode.c.h; path = AMFileTableController.h; sourceTree = "<group>"; };
		180950EF227EC45B009FD493 /* AMFileTableController.m */ = {isa = PBXFileReference; lastKnownFileType = sourcecode.c.objc; path = AMFileTableController.m; sourceTree = "<group>"; };
		180950F1227EC47D009FD493 /* AMMarkdownFile+CoreDataProperties.h */ = {isa = PBXFileReference; lastKnownFileType = sourcecode.c.h; path = "AMMarkdownFile+CoreDataProperties.h"; sourceTree = "<group>"; };
		180950F2227EC47D009FD493 /* AMMarkdownFile+CoreDataClass.h */ = {isa = PBXFileReference; lastKnownFileType = sourcecode.c.h; path = "AMMarkdownFile+CoreDataClass.h"; sourceTree = "<group>"; };
		180950F3227EC47D009FD493 /* AMMarkdownFile+CoreDataClass.m */ = {isa = PBXFileReference; lastKnownFileType = sourcecode.c.objc; path = "AMMarkdownFile+CoreDataClass.m"; sourceTree = "<group>"; };
		180950F4227EC47D009FD493 /* AMMarkdownFile+CoreDataProperties.m */ = {isa = PBXFileReference; lastKnownFileType = sourcecode.c.objc; path = "AMMarkdownFile+CoreDataProperties.m"; sourceTree = "<group>"; };
		1842EA402272EC8C00E08D43 /* AmazingMarkdown.app */ = {isa = PBXFileReference; explicitFileType = wrapper.application; includeInIndex = 0; path = AmazingMarkdown.app; sourceTree = BUILT_PRODUCTS_DIR; };
		1842EA432272EC8C00E08D43 /* AppDelegate.h */ = {isa = PBXFileReference; lastKnownFileType = sourcecode.c.h; path = AppDelegate.h; sourceTree = "<group>"; };
		1842EA442272EC8C00E08D43 /* AppDelegate.m */ = {isa = PBXFileReference; lastKnownFileType = sourcecode.c.objc; path = AppDelegate.m; sourceTree = "<group>"; };
		1842EA4A2272EC8C00E08D43 /* Base */ = {isa = PBXFileReference; lastKnownFileType = file.storyboard; name = Base; path = Base.lproj/Main.storyboard; sourceTree = "<group>"; };
		1842EA4D2272EC8C00E08D43 /* AmazingMarkdown.xcdatamodel */ = {isa = PBXFileReference; lastKnownFileType = wrapper.xcdatamodel; path = AmazingMarkdown.xcdatamodel; sourceTree = "<group>"; };
		1842EA4F2272EC8C00E08D43 /* Assets.xcassets */ = {isa = PBXFileReference; lastKnownFileType = folder.assetcatalog; path = Assets.xcassets; sourceTree = "<group>"; };
		1842EA522272EC8C00E08D43 /* Base */ = {isa = PBXFileReference; lastKnownFileType = file.storyboard; name = Base; path = Base.lproj/LaunchScreen.storyboard; sourceTree = "<group>"; };
		1842EA542272EC8C00E08D43 /* Info.plist */ = {isa = PBXFileReference; lastKnownFileType = text.plist.xml; path = Info.plist; sourceTree = "<group>"; };
		1842EA552272EC8C00E08D43 /* main.m */ = {isa = PBXFileReference; lastKnownFileType = sourcecode.c.objc; path = main.m; sourceTree = "<group>"; };
		1842EA5C2272ECE000E08D43 /* AmazingMarkdown-Bridging-Header.h */ = {isa = PBXFileReference; lastKnownFileType = sourcecode.c.h; path = "AmazingMarkdown-Bridging-Header.h"; sourceTree = "<group>"; };
		1842EA612272ED9F00E08D43 /* AMEdittingContentController.h */ = {isa = PBXFileReference; lastKnownFileType = sourcecode.c.h; path = AMEdittingContentController.h; sourceTree = "<group>"; };
		1842EA622272ED9F00E08D43 /* AMEdittingContentController.m */ = {isa = PBXFileReference; lastKnownFileType = sourcecode.c.objc; path = AMEdittingContentController.m; sourceTree = "<group>"; };
		1842EA642272EDB300E08D43 /* AMPreviewController.swift */ = {isa = PBXFileReference; lastKnownFileType = sourcecode.swift; path = AMPreviewController.swift; sourceTree = "<group>"; };
		18B175A5227F5691007581F4 /* AMRootNavigationController.h */ = {isa = PBXFileReference; lastKnownFileType = sourcecode.c.h; path = AMRootNavigationController.h; sourceTree = "<group>"; };
		18B175A6227F5691007581F4 /* AMRootNavigationController.m */ = {isa = PBXFileReference; lastKnownFileType = sourcecode.c.objc; path = AMRootNavigationController.m; sourceTree = "<group>"; };
		18F4260A22744C67002EBDDD /* AMKeyboardToolbarFactory.m */ = {isa = PBXFileReference; fileEncoding = 4; lastKnownFileType = sourcecode.c.objc; path = AMKeyboardToolbarFactory.m; sourceTree = "<group>"; };
		18F4260B22744C67002EBDDD /* AMKeyboardToolbarFactory.h */ = {isa = PBXFileReference; fileEncoding = 4; lastKnownFileType = sourcecode.c.h; path = AMKeyboardToolbarFactory.h; sourceTree = "<group>"; };
		18F4261B22747281002EBDDD /* DYKeyboardToolbar.h */ = {isa = PBXFileReference; lastKnownFileType = sourcecode.c.h; path = DYKeyboardToolbar.h; sourceTree = "<group>"; };
		18F4261C22747281002EBDDD /* DYKeyboardToolbar.m */ = {isa = PBXFileReference; lastKnownFileType = sourcecode.c.objc; path = DYKeyboardToolbar.m; sourceTree = "<group>"; };
		18F4261E227472B4002EBDDD /* DYKeyboardToolbarButton.h */ = {isa = PBXFileReference; lastKnownFileType = sourcecode.c.h; path = DYKeyboardToolbarButton.h; sourceTree = "<group>"; };
		18F4261F227472B4002EBDDD /* DYKeyboardToolbarButton.m */ = {isa = PBXFileReference; lastKnownFileType = sourcecode.c.objc; path = DYKeyboardToolbarButton.m; sourceTree = "<group>"; };
		18F42621227498AC002EBDDD /* DYMarkdownTextView.h */ = {isa = PBXFileReference; lastKnownFileType = sourcecode.c.h; path = DYMarkdownTextView.h; sourceTree = "<group>"; };
		18F42622227498AC002EBDDD /* DYMarkdownTextView.m */ = {isa = PBXFileReference; lastKnownFileType = sourcecode.c.objc; path = DYMarkdownTextView.m; sourceTree = "<group>"; };
		18F426272274D28D002EBDDD /* MarkdownTokens.m */ = {isa = PBXFileReference; fileEncoding = 4; lastKnownFileType = sourcecode.c.objc; path = MarkdownTokens.m; sourceTree = "<group>"; };
		18F426282274D28D002EBDDD /* NSAttributedStringMarkdownParser.h */ = {isa = PBXFileReference; fileEncoding = 4; lastKnownFileType = sourcecode.c.h; path = NSAttributedStringMarkdownParser.h; sourceTree = "<group>"; };
		18F426292274D28D002EBDDD /* NimbusMarkdown.h */ = {isa = PBXFileReference; fileEncoding = 4; lastKnownFileType = sourcecode.c.h; path = NimbusMarkdown.h; sourceTree = "<group>"; };
		18F4262A2274D28D002EBDDD /* MarkdownTokens.h */ = {isa = PBXFileReference; fileEncoding = 4; lastKnownFileType = sourcecode.c.h; path = MarkdownTokens.h; sourceTree = "<group>"; };
		18F4262B2274D28D002EBDDD /* MarkdownTokenizer.m */ = {isa = PBXFileReference; fileEncoding = 4; lastKnownFileType = sourcecode.c.objc; path = MarkdownTokenizer.m; sourceTree = "<group>"; };
		18F4262C2274D28D002EBDDD /* NSAttributedStringMarkdownParser.m */ = {isa = PBXFileReference; fileEncoding = 4; lastKnownFileType = sourcecode.c.objc; path = NSAttributedStringMarkdownParser.m; sourceTree = "<group>"; };
		18F4263322757B53002EBDDD /* DYMarkdownParser.h */ = {isa = PBXFileReference; lastKnownFileType = sourcecode.c.h; path = DYMarkdownParser.h; sourceTree = "<group>"; };
		18F4263422757B53002EBDDD /* DYMarkdownParser.m */ = {isa = PBXFileReference; lastKnownFileType = sourcecode.c.objc; path = DYMarkdownParser.m; sourceTree = "<group>"; };
		18F4D24D2276052F00A2123B /* AMYYMarkdownParser.h */ = {isa = PBXFileReference; lastKnownFileType = sourcecode.c.h; path = AMYYMarkdownParser.h; sourceTree = "<group>"; };
		18F4D24E2276052F00A2123B /* AMYYMarkdownParser.m */ = {isa = PBXFileReference; lastKnownFileType = sourcecode.c.objc; path = AMYYMarkdownParser.m; sourceTree = "<group>"; };
		51A1A8AD11C0295DC9F65506 /* Pods-AmazingMarkdown.debug.xcconfig */ = {isa = PBXFileReference; includeInIndex = 1; lastKnownFileType = text.xcconfig; name = "Pods-AmazingMarkdown.debug.xcconfig"; path = "Target Support Files/Pods-AmazingMarkdown/Pods-AmazingMarkdown.debug.xcconfig"; sourceTree = "<group>"; };
		53131E5F1674063BCFD176F8 /* Pods_AmazingMarkdown.framework */ = {isa = PBXFileReference; explicitFileType = wrapper.framework; includeInIndex = 0; path = Pods_AmazingMarkdown.framework; sourceTree = BUILT_PRODUCTS_DIR; };
		C935B7E21C6DD5BB93036404 /* Pods-AmazingMarkdown.release.xcconfig */ = {isa = PBXFileReference; includeInIndex = 1; lastKnownFileType = text.xcconfig; name = "Pods-AmazingMarkdown.release.xcconfig"; path = "Target Support Files/Pods-AmazingMarkdown/Pods-AmazingMarkdown.release.xcconfig"; sourceTree = "<group>"; };
/* End PBXFileReference section */

/* Begin PBXFrameworksBuildPhase section */
		1842EA3D2272EC8C00E08D43 /* Frameworks */ = {
			isa = PBXFrameworksBuildPhase;
			buildActionMask = 2147483647;
			files = (
				52578B2731811246716E0FA7 /* Pods_AmazingMarkdown.framework in Frameworks */,
			);
			runOnlyForDeploymentPostprocessing = 0;
		};
/* End PBXFrameworksBuildPhase section */

/* Begin PBXGroup section */
		0FFF01E7F049621876F4C840 /* Pods */ = {
			isa = PBXGroup;
			children = (
				51A1A8AD11C0295DC9F65506 /* Pods-AmazingMarkdown.debug.xcconfig */,
				C935B7E21C6DD5BB93036404 /* Pods-AmazingMarkdown.release.xcconfig */,
			);
			path = Pods;
			sourceTree = "<group>";
		};
		180950EC227EC2FE009FD493 /* Models */ = {
			isa = PBXGroup;
			children = (
				180950F1227EC47D009FD493 /* AMMarkdownFile+CoreDataProperties.h */,
				180950F2227EC47D009FD493 /* AMMarkdownFile+CoreDataClass.h */,
				180950F3227EC47D009FD493 /* AMMarkdownFile+CoreDataClass.m */,
				180950F4227EC47D009FD493 /* AMMarkdownFile+CoreDataProperties.m */,
			);
			path = Models;
			sourceTree = "<group>";
		};
		180950ED227EC32C009FD493 /* Parsers */ = {
			isa = PBXGroup;
			children = (
				18F4D24D2276052F00A2123B /* AMYYMarkdownParser.h */,
				18F4D24E2276052F00A2123B /* AMYYMarkdownParser.m */,
			);
			path = Parsers;
			sourceTree = "<group>";
		};
		1842EA372272EC8C00E08D43 = {
			isa = PBXGroup;
			children = (
				18F426262274D28D002EBDDD /* NimbusMarkdown */,
				18F42624227498DE002EBDDD /* DYMarkdownTextView */,
				18F4261A227471EC002EBDDD /* DYKeyboardToolbar */,
				1842EA422272EC8C00E08D43 /* AmazingMarkdown */,
				1842EA412272EC8C00E08D43 /* Products */,
				0FFF01E7F049621876F4C840 /* Pods */,
				919A05CAE740D002F66BD882 /* Frameworks */,
			);
			sourceTree = "<group>";
		};
		1842EA412272EC8C00E08D43 /* Products */ = {
			isa = PBXGroup;
			children = (
				1842EA402272EC8C00E08D43 /* AmazingMarkdown.app */,
			);
			name = Products;
			sourceTree = "<group>";
		};
		1842EA422272EC8C00E08D43 /* AmazingMarkdown */ = {
			isa = PBXGroup;
			children = (
				180950EC227EC2FE009FD493 /* Models */,
				180950ED227EC32C009FD493 /* Parsers */,
				18F426252274995D002EBDDD /* Factories */,
				187E52AB2274230F007D1B0E /* Controllers */,
				1842EA542272EC8C00E08D43 /* Info.plist */,
				1842EA432272EC8C00E08D43 /* AppDelegate.h */,
				1842EA442272EC8C00E08D43 /* AppDelegate.m */,
				1842EA492272EC8C00E08D43 /* Main.storyboard */,
				1842EA552272EC8C00E08D43 /* main.m */,
				1842EA4C2272EC8C00E08D43 /* AmazingMarkdown.xcdatamodeld */,
				1842EA5C2272ECE000E08D43 /* AmazingMarkdown-Bridging-Header.h */,
				187E52AA227422E8007D1B0E /* SupportingFiles */,
			);
			path = AmazingMarkdown;
			sourceTree = "<group>";
		};
		187E52AA227422E8007D1B0E /* SupportingFiles */ = {
			isa = PBXGroup;
			children = (
				1842EA4F2272EC8C00E08D43 /* Assets.xcassets */,
				1842EA512272EC8C00E08D43 /* LaunchScreen.storyboard */,
			);
			path = SupportingFiles;
			sourceTree = "<group>";
		};
		187E52AB2274230F007D1B0E /* Controllers */ = {
			isa = PBXGroup;
			children = (
				1842EA612272ED9F00E08D43 /* AMEdittingContentController.h */,
				1842EA622272ED9F00E08D43 /* AMEdittingContentController.m */,
				1842EA642272EDB300E08D43 /* AMPreviewController.swift */,
				180950EE227EC45B009FD493 /* AMFileTableController.h */,
				180950EF227EC45B009FD493 /* AMFileTableController.m */,
				18B175A5227F5691007581F4 /* AMRootNavigationController.h */,
				18B175A6227F5691007581F4 /* AMRootNavigationController.m */,
			);
			path = Controllers;
			sourceTree = "<group>";
		};
		18F4261A227471EC002EBDDD /* DYKeyboardToolbar */ = {
			isa = PBXGroup;
			children = (
				18F4261B22747281002EBDDD /* DYKeyboardToolbar.h */,
				18F4261C22747281002EBDDD /* DYKeyboardToolbar.m */,
				18F4261E227472B4002EBDDD /* DYKeyboardToolbarButton.h */,
				18F4261F227472B4002EBDDD /* DYKeyboardToolbarButton.m */,
			);
			path = DYKeyboardToolbar;
			sourceTree = "<group>";
		};
		18F42624227498DE002EBDDD /* DYMarkdownTextView */ = {
			isa = PBXGroup;
			children = (
				18F42621227498AC002EBDDD /* DYMarkdownTextView.h */,
				18F42622227498AC002EBDDD /* DYMarkdownTextView.m */,
				18F4263322757B53002EBDDD /* DYMarkdownParser.h */,
				18F4263422757B53002EBDDD /* DYMarkdownParser.m */,
			);
			path = DYMarkdownTextView;
			sourceTree = "<group>";
		};
		18F426252274995D002EBDDD /* Factories */ = {
			isa = PBXGroup;
			children = (
				18F4260B22744C67002EBDDD /* AMKeyboardToolbarFactory.h */,
				18F4260A22744C67002EBDDD /* AMKeyboardToolbarFactory.m */,
			);
			path = Factories;
			sourceTree = "<group>";
		};
		18F426262274D28D002EBDDD /* NimbusMarkdown */ = {
			isa = PBXGroup;
			children = (
				18F426272274D28D002EBDDD /* MarkdownTokens.m */,
				18F426282274D28D002EBDDD /* NSAttributedStringMarkdownParser.h */,
				18F426292274D28D002EBDDD /* NimbusMarkdown.h */,
				18F4262A2274D28D002EBDDD /* MarkdownTokens.h */,
				18F4262B2274D28D002EBDDD /* MarkdownTokenizer.m */,
				18F4262C2274D28D002EBDDD /* NSAttributedStringMarkdownParser.m */,
			);
			path = NimbusMarkdown;
			sourceTree = "<group>";
		};
		919A05CAE740D002F66BD882 /* Frameworks */ = {
			isa = PBXGroup;
			children = (
				53131E5F1674063BCFD176F8 /* Pods_AmazingMarkdown.framework */,
			);
			name = Frameworks;
			sourceTree = "<group>";
		};
/* End PBXGroup section */

/* Begin PBXNativeTarget section */
		1842EA3F2272EC8C00E08D43 /* AmazingMarkdown */ = {
			isa = PBXNativeTarget;
			buildConfigurationList = 1842EA592272EC8C00E08D43 /* Build configuration list for PBXNativeTarget "AmazingMarkdown" */;
			buildPhases = (
				317172D8CCCBB6B7267A7BE4 /* [CP] Check Pods Manifest.lock */,
				1842EA3C2272EC8C00E08D43 /* Sources */,
				1842EA3D2272EC8C00E08D43 /* Frameworks */,
				1842EA3E2272EC8C00E08D43 /* Resources */,
				5421AA05431EB7EB7134653D /* [CP] Embed Pods Frameworks */,
			);
			buildRules = (
			);
			dependencies = (
			);
			name = AmazingMarkdown;
			productName = AmazingMarkdown;
			productReference = 1842EA402272EC8C00E08D43 /* AmazingMarkdown.app */;
			productType = "com.apple.product-type.application";
		};
/* End PBXNativeTarget section */

/* Begin PBXProject section */
		1842EA382272EC8C00E08D43 /* Project object */ = {
			isa = PBXProject;
			attributes = {
				LastUpgradeCheck = 1010;
				ORGANIZATIONNAME = Young;
				TargetAttributes = {
					1842EA3F2272EC8C00E08D43 = {
						CreatedOnToolsVersion = 10.1;
						LastSwiftMigration = 1010;
					};
				};
			};
			buildConfigurationList = 1842EA3B2272EC8C00E08D43 /* Build configuration list for PBXProject "AmazingMarkdown" */;
			compatibilityVersion = "Xcode 9.3";
			developmentRegion = en;
			hasScannedForEncodings = 0;
			knownRegions = (
				en,
				Base,
			);
			mainGroup = 1842EA372272EC8C00E08D43;
			productRefGroup = 1842EA412272EC8C00E08D43 /* Products */;
			projectDirPath = "";
			projectRoot = "";
			targets = (
				1842EA3F2272EC8C00E08D43 /* AmazingMarkdown */,
			);
		};
/* End PBXProject section */

/* Begin PBXResourcesBuildPhase section */
		1842EA3E2272EC8C00E08D43 /* Resources */ = {
			isa = PBXResourcesBuildPhase;
			buildActionMask = 2147483647;
			files = (
				1842EA532272EC8C00E08D43 /* LaunchScreen.storyboard in Resources */,
				1842EA502272EC8C00E08D43 /* Assets.xcassets in Resources */,
				1842EA4B2272EC8C00E08D43 /* Main.storyboard in Resources */,
			);
			runOnlyForDeploymentPostprocessing = 0;
		};
/* End PBXResourcesBuildPhase section */

/* Begin PBXShellScriptBuildPhase section */
		317172D8CCCBB6B7267A7BE4 /* [CP] Check Pods Manifest.lock */ = {
			isa = PBXShellScriptBuildPhase;
			buildActionMask = 2147483647;
			files = (
			);
			inputFileListPaths = (
			);
			inputPaths = (
				"${PODS_PODFILE_DIR_PATH}/Podfile.lock",
				"${PODS_ROOT}/Manifest.lock",
			);
			name = "[CP] Check Pods Manifest.lock";
			outputFileListPaths = (
			);
			outputPaths = (
				"$(DERIVED_FILE_DIR)/Pods-AmazingMarkdown-checkManifestLockResult.txt",
			);
			runOnlyForDeploymentPostprocessing = 0;
			shellPath = /bin/sh;
			shellScript = "diff \"${PODS_PODFILE_DIR_PATH}/Podfile.lock\" \"${PODS_ROOT}/Manifest.lock\" > /dev/null\nif [ $? != 0 ] ; then\n    # print error to STDERR\n    echo \"error: The sandbox is not in sync with the Podfile.lock. Run 'pod install' or update your CocoaPods installation.\" >&2\n    exit 1\nfi\n# This output is used by Xcode 'outputs' to avoid re-running this script phase.\necho \"SUCCESS\" > \"${SCRIPT_OUTPUT_FILE_0}\"\n";
			showEnvVarsInLog = 0;
		};
		5421AA05431EB7EB7134653D /* [CP] Embed Pods Frameworks */ = {
			isa = PBXShellScriptBuildPhase;
			buildActionMask = 2147483647;
			files = (
			);
			inputFileListPaths = (
				"${PODS_ROOT}/Target Support Files/Pods-AmazingMarkdown/Pods-AmazingMarkdown-frameworks-${CONFIGURATION}-input-files.xcfilelist",
			);
			name = "[CP] Embed Pods Frameworks";
			outputFileListPaths = (
				"${PODS_ROOT}/Target Support Files/Pods-AmazingMarkdown/Pods-AmazingMarkdown-frameworks-${CONFIGURATION}-output-files.xcfilelist",
			);
			runOnlyForDeploymentPostprocessing = 0;
			shellPath = /bin/sh;
			shellScript = "\"${PODS_ROOT}/Target Support Files/Pods-AmazingMarkdown/Pods-AmazingMarkdown-frameworks.sh\"\n";
			showEnvVarsInLog = 0;
		};
/* End PBXShellScriptBuildPhase section */

/* Begin PBXSourcesBuildPhase section */
		1842EA3C2272EC8C00E08D43 /* Sources */ = {
			isa = PBXSourcesBuildPhase;
			buildActionMask = 2147483647;
			files = (
				18F4263522757B53002EBDDD /* DYMarkdownParser.m in Sources */,
				1842EA652272EDB300E08D43 /* AMPreviewController.swift in Sources */,
				1842EA632272ED9F00E08D43 /* AMEdittingContentController.m in Sources */,
				180950F6227EC47D009FD493 /* AMMarkdownFile+CoreDataProperties.m in Sources */,
				18F4D24F2276052F00A2123B /* AMYYMarkdownParser.m in Sources */,
				1842EA452272EC8C00E08D43 /* AppDelegate.m in Sources */,
				18F42620227472B4002EBDDD /* DYKeyboardToolbarButton.m in Sources */,
				18F4262D2274D28E002EBDDD /* MarkdownTokens.m in Sources */,
				18F4262F2274D28E002EBDDD /* NSAttributedStringMarkdownParser.m in Sources */,
				18F4261D22747281002EBDDD /* DYKeyboardToolbar.m in Sources */,
				1842EA562272EC8C00E08D43 /* main.m in Sources */,
				18F42623227498AC002EBDDD /* DYMarkdownTextView.m in Sources */,
				18F4262E2274D28E002EBDDD /* MarkdownTokenizer.m in Sources */,
				18B175A7227F5691007581F4 /* AMRootNavigationController.m in Sources */,
				180950F0227EC45B009FD493 /* AMFileTableController.m in Sources */,
				1842EA4E2272EC8C00E08D43 /* AmazingMarkdown.xcdatamodeld in Sources */,
				180950F5227EC47D009FD493 /* AMMarkdownFile+CoreDataClass.m in Sources */,
				18F4260C22744C67002EBDDD /* AMKeyboardToolbarFactory.m in Sources */,
			);
			runOnlyForDeploymentPostprocessing = 0;
		};
/* End PBXSourcesBuildPhase section */

/* Begin PBXVariantGroup section */
		1842EA492272EC8C00E08D43 /* Main.storyboard */ = {
			isa = PBXVariantGroup;
			children = (
				1842EA4A2272EC8C00E08D43 /* Base */,
			);
			name = Main.storyboard;
			sourceTree = "<group>";
		};
		1842EA512272EC8C00E08D43 /* LaunchScreen.storyboard */ = {
			isa = PBXVariantGroup;
			children = (
				1842EA522272EC8C00E08D43 /* Base */,
			);
			name = LaunchScreen.storyboard;
			sourceTree = "<group>";
		};
/* End PBXVariantGroup section */

/* Begin XCBuildConfiguration section */
		1842EA572272EC8C00E08D43 /* Debug */ = {
			isa = XCBuildConfiguration;
			buildSettings = {
				ALWAYS_SEARCH_USER_PATHS = NO;
				CLANG_ANALYZER_NONNULL = YES;
				CLANG_ANALYZER_NUMBER_OBJECT_CONVERSION = YES_AGGRESSIVE;
				CLANG_CXX_LANGUAGE_STANDARD = "gnu++14";
				CLANG_CXX_LIBRARY = "libc++";
				CLANG_ENABLE_MODULES = YES;
				CLANG_ENABLE_OBJC_ARC = YES;
				CLANG_ENABLE_OBJC_WEAK = YES;
				CLANG_WARN_BLOCK_CAPTURE_AUTORELEASING = YES;
				CLANG_WARN_BOOL_CONVERSION = YES;
				CLANG_WARN_COMMA = YES;
				CLANG_WARN_CONSTANT_CONVERSION = YES;
				CLANG_WARN_DEPRECATED_OBJC_IMPLEMENTATIONS = YES;
				CLANG_WARN_DIRECT_OBJC_ISA_USAGE = YES_ERROR;
				CLANG_WARN_DOCUMENTATION_COMMENTS = YES;
				CLANG_WARN_EMPTY_BODY = YES;
				CLANG_WARN_ENUM_CONVERSION = YES;
				CLANG_WARN_INFINITE_RECURSION = YES;
				CLANG_WARN_INT_CONVERSION = YES;
				CLANG_WARN_NON_LITERAL_NULL_CONVERSION = YES;
				CLANG_WARN_OBJC_IMPLICIT_RETAIN_SELF = YES;
				CLANG_WARN_OBJC_LITERAL_CONVERSION = YES;
				CLANG_WARN_OBJC_ROOT_CLASS = YES_ERROR;
				CLANG_WARN_RANGE_LOOP_ANALYSIS = YES;
				CLANG_WARN_STRICT_PROTOTYPES = YES;
				CLANG_WARN_SUSPICIOUS_MOVE = YES;
				CLANG_WARN_UNGUARDED_AVAILABILITY = YES_AGGRESSIVE;
				CLANG_WARN_UNREACHABLE_CODE = YES;
				CLANG_WARN__DUPLICATE_METHOD_MATCH = YES;
				CODE_SIGN_IDENTITY = "iPhone Developer";
				COPY_PHASE_STRIP = NO;
				DEBUG_INFORMATION_FORMAT = dwarf;
				ENABLE_STRICT_OBJC_MSGSEND = YES;
				ENABLE_TESTABILITY = YES;
				GCC_C_LANGUAGE_STANDARD = gnu11;
				GCC_DYNAMIC_NO_PIC = NO;
				GCC_NO_COMMON_BLOCKS = YES;
				GCC_OPTIMIZATION_LEVEL = 0;
				GCC_PREPROCESSOR_DEFINITIONS = (
					"DEBUG=1",
					"$(inherited)",
				);
				GCC_WARN_64_TO_32_BIT_CONVERSION = YES;
				GCC_WARN_ABOUT_RETURN_TYPE = YES_ERROR;
				GCC_WARN_UNDECLARED_SELECTOR = YES;
				GCC_WARN_UNINITIALIZED_AUTOS = YES_AGGRESSIVE;
				GCC_WARN_UNUSED_FUNCTION = YES;
				GCC_WARN_UNUSED_VARIABLE = YES;
				IPHONEOS_DEPLOYMENT_TARGET = 12.1;
				MTL_ENABLE_DEBUG_INFO = INCLUDE_SOURCE;
				MTL_FAST_MATH = YES;
				ONLY_ACTIVE_ARCH = YES;
				SDKROOT = iphoneos;
			};
			name = Debug;
		};
		1842EA582272EC8C00E08D43 /* Release */ = {
			isa = XCBuildConfiguration;
			buildSettings = {
				ALWAYS_SEARCH_USER_PATHS = NO;
				CLANG_ANALYZER_NONNULL = YES;
				CLANG_ANALYZER_NUMBER_OBJECT_CONVERSION = YES_AGGRESSIVE;
				CLANG_CXX_LANGUAGE_STANDARD = "gnu++14";
				CLANG_CXX_LIBRARY = "libc++";
				CLANG_ENABLE_MODULES = YES;
				CLANG_ENABLE_OBJC_ARC = YES;
				CLANG_ENABLE_OBJC_WEAK = YES;
				CLANG_WARN_BLOCK_CAPTURE_AUTORELEASING = YES;
				CLANG_WARN_BOOL_CONVERSION = YES;
				CLANG_WARN_COMMA = YES;
				CLANG_WARN_CONSTANT_CONVERSION = YES;
				CLANG_WARN_DEPRECATED_OBJC_IMPLEMENTATIONS = YES;
				CLANG_WARN_DIRECT_OBJC_ISA_USAGE = YES_ERROR;
				CLANG_WARN_DOCUMENTATION_COMMENTS = YES;
				CLANG_WARN_EMPTY_BODY = YES;
				CLANG_WARN_ENUM_CONVERSION = YES;
				CLANG_WARN_INFINITE_RECURSION = YES;
				CLANG_WARN_INT_CONVERSION = YES;
				CLANG_WARN_NON_LITERAL_NULL_CONVERSION = YES;
				CLANG_WARN_OBJC_IMPLICIT_RETAIN_SELF = YES;
				CLANG_WARN_OBJC_LITERAL_CONVERSION = YES;
				CLANG_WARN_OBJC_ROOT_CLASS = YES_ERROR;
				CLANG_WARN_RANGE_LOOP_ANALYSIS = YES;
				CLANG_WARN_STRICT_PROTOTYPES = YES;
				CLANG_WARN_SUSPICIOUS_MOVE = YES;
				CLANG_WARN_UNGUARDED_AVAILABILITY = YES_AGGRESSIVE;
				CLANG_WARN_UNREACHABLE_CODE = YES;
				CLANG_WARN__DUPLICATE_METHOD_MATCH = YES;
				CODE_SIGN_IDENTITY = "iPhone Developer";
				COPY_PHASE_STRIP = NO;
				DEBUG_INFORMATION_FORMAT = "dwarf-with-dsym";
				ENABLE_NS_ASSERTIONS = NO;
				ENABLE_STRICT_OBJC_MSGSEND = YES;
				GCC_C_LANGUAGE_STANDARD = gnu11;
				GCC_NO_COMMON_BLOCKS = YES;
				GCC_WARN_64_TO_32_BIT_CONVERSION = YES;
				GCC_WARN_ABOUT_RETURN_TYPE = YES_ERROR;
				GCC_WARN_UNDECLARED_SELECTOR = YES;
				GCC_WARN_UNINITIALIZED_AUTOS = YES_AGGRESSIVE;
				GCC_WARN_UNUSED_FUNCTION = YES;
				GCC_WARN_UNUSED_VARIABLE = YES;
				IPHONEOS_DEPLOYMENT_TARGET = 12.1;
				MTL_ENABLE_DEBUG_INFO = NO;
				MTL_FAST_MATH = YES;
				SDKROOT = iphoneos;
				VALIDATE_PRODUCT = YES;
			};
			name = Release;
		};
		1842EA5A2272EC8C00E08D43 /* Debug */ = {
			isa = XCBuildConfiguration;
			baseConfigurationReference = 51A1A8AD11C0295DC9F65506 /* Pods-AmazingMarkdown.debug.xcconfig */;
			buildSettings = {
				ASSETCATALOG_COMPILER_APPICON_NAME = AppIcon;
				CLANG_ENABLE_MODULES = YES;
				CODE_SIGN_STYLE = Automatic;
				DEVELOPMENT_TEAM = QNNNA39DX6;
				INFOPLIST_FILE = AmazingMarkdown/Info.plist;
				LD_RUNPATH_SEARCH_PATHS = (
					"$(inherited)",
					"@executable_path/Frameworks",
				);
				PRODUCT_BUNDLE_IDENTIFIER = Young.AmazingMarkdown;
				PRODUCT_NAME = "$(TARGET_NAME)";
				SWIFT_OBJC_BRIDGING_HEADER = "AmazingMarkdown/AmazingMarkdown-Bridging-Header.h";
				SWIFT_OPTIMIZATION_LEVEL = "-Onone";
				SWIFT_VERSION = 4.2;
				TARGETED_DEVICE_FAMILY = "1,2";
			};
			name = Debug;
		};
		1842EA5B2272EC8C00E08D43 /* Release */ = {
			isa = XCBuildConfiguration;
			baseConfigurationReference = C935B7E21C6DD5BB93036404 /* Pods-AmazingMarkdown.release.xcconfig */;
			buildSettings = {
				ASSETCATALOG_COMPILER_APPICON_NAME = AppIcon;
				CLANG_ENABLE_MODULES = YES;
				CODE_SIGN_STYLE = Automatic;
				DEVELOPMENT_TEAM = QNNNA39DX6;
				INFOPLIST_FILE = AmazingMarkdown/Info.plist;
				LD_RUNPATH_SEARCH_PATHS = (
					"$(inherited)",
					"@executable_path/Frameworks",
				);
				PRODUCT_BUNDLE_IDENTIFIER = Young.AmazingMarkdown;
				PRODUCT_NAME = "$(TARGET_NAME)";
				SWIFT_OBJC_BRIDGING_HEADER = "AmazingMarkdown/AmazingMarkdown-Bridging-Header.h";
				SWIFT_VERSION = 4.2;
				TARGETED_DEVICE_FAMILY = "1,2";
			};
			name = Release;
		};
/* End XCBuildConfiguration section */

/* Begin XCConfigurationList section */
		1842EA3B2272EC8C00E08D43 /* Build configuration list for PBXProject "AmazingMarkdown" */ = {
			isa = XCConfigurationList;
			buildConfigurations = (
				1842EA572272EC8C00E08D43 /* Debug */,
				1842EA582272EC8C00E08D43 /* Release */,
			);
			defaultConfigurationIsVisible = 0;
			defaultConfigurationName = Release;
		};
		1842EA592272EC8C00E08D43 /* Build configuration list for PBXNativeTarget "AmazingMarkdown" */ = {
			isa = XCConfigurationList;
			buildConfigurations = (
				1842EA5A2272EC8C00E08D43 /* Debug */,
				1842EA5B2272EC8C00E08D43 /* Release */,
			);
			defaultConfigurationIsVisible = 0;
			defaultConfigurationName = Release;
		};
/* End XCConfigurationList section */

/* Begin XCVersionGroup section */
		1842EA4C2272EC8C00E08D43 /* AmazingMarkdown.xcdatamodeld */ = {
			isa = XCVersionGroup;
			children = (
				1842EA4D2272EC8C00E08D43 /* AmazingMarkdown.xcdatamodel */,
			);
			currentVersion = 1842EA4D2272EC8C00E08D43 /* AmazingMarkdown.xcdatamodel */;
			path = AmazingMarkdown.xcdatamodeld;
			sourceTree = "<group>";
			versionGroupType = wrapper.xcdatamodel;
		};
/* End XCVersionGroup section */
	};
	rootObject = 1842EA382272EC8C00E08D43 /* Project object */;
}
